
Microsoft Visual Studio Solution File, Format Version 12.00
# Visual Studio Version 17
VisualStudioVersion = 17.11.35327.3
MinimumVisualStudioVersion = 10.0.40219.1
Project("{FAE04EC0-301F-11D3-BF4B-00C04F79EFBC}") = "CapturaCursoRPA.Apresentacao", "CapturaCursoRPA.Apresentacao\CapturaCursoRPA.Apresentacao.csproj", "{363B0754-2683-42DE-8F3E-281EECF5546B}"
EndProject
Project("{FAE04EC0-301F-11D3-BF4B-00C04F79EFBC}") = "CapturaCursoRPA.AplicacaoRPA", "CapturaCursoRPA.AplicacaoRPA\CapturaCursoRPA.AplicacaoRPA.csproj", "{D3D2EDF4-DD23-420E-B3C2-09C3D3CD503E}"
EndProject
Project("{FAE04EC0-301F-11D3-BF4B-00C04F79EFBC}") = "CapturaCursoRPA.Infraestrutura", "CapturaCursoRPA.Infraestrutura\CapturaCursoRPA.Infraestrutura.csproj", "{0E1BF834-A500-4750-9280-54BE8D8CB6FF}"
EndProject
Project("{FAE04EC0-301F-11D3-BF4B-00C04F79EFBC}") = "CapturaCursoRPA.Dominio", "CapturaCursoRPA.Dominio\CapturaCursoRPA.Dominio.csproj", "{91FD05AA-DF83-4397-BADA-F5E156E28DAC}"
EndProject
Global
	GlobalSection(SolutionConfigurationPlatforms) = preSolution
		Debug|Any CPU = Debug|Any CPU
		Release|Any CPU = Release|Any CPU
	EndGlobalSection
	GlobalSection(ProjectConfigurationPlatforms) = postSolution
		{363B0754-2683-42DE-8F3E-281EECF5546B}.Debug|Any CPU.ActiveCfg = Debug|Any CPU
		{363B0754-2683-42DE-8F3E-281EECF5546B}.Debug|Any CPU.Build.0 = Debug|Any CPU
		{363B0754-2683-42DE-8F3E-281EECF5546B}.Release|Any CPU.ActiveCfg = Release|Any CPU
		{363B0754-2683-42DE-8F3E-281EECF5546B}.Release|Any CPU.Build.0 = Release|Any CPU
		{D3D2EDF4-DD23-420E-B3C2-09C3D3CD503E}.Debug|Any CPU.ActiveCfg = Debug|Any CPU
		{D3D2EDF4-DD23-420E-B3C2-09C3D3CD503E}.Debug|Any CPU.Build.0 = Debug|Any CPU
		{D3D2EDF4-DD23-420E-B3C2-09C3D3CD503E}.Release|Any CPU.ActiveCfg = Release|Any CPU
		{D3D2EDF4-DD23-420E-B3C2-09C3D3CD503E}.Release|Any CPU.Build.0 = Release|Any CPU
		{0E1BF834-A500-4750-9280-54BE8D8CB6FF}.Debug|Any CPU.ActiveCfg = Debug|Any CPU
		{0E1BF834-A500-4750-9280-54BE8D8CB6FF}.Debug|Any CPU.Build.0 = Debug|Any CPU
		{0E1BF834-A500-4750-9280-54BE8D8CB6FF}.Release|Any CPU.ActiveCfg = Release|Any CPU
		{0E1BF834-A500-4750-9280-54BE8D8CB6FF}.Release|Any CPU.Build.0 = Release|Any CPU
		{91FD05AA-DF83-4397-BADA-F5E156E28DAC}.Debug|Any CPU.ActiveCfg = Debug|Any CPU
		{91FD05AA-DF83-4397-BADA-F5E156E28DAC}.Debug|Any CPU.Build.0 = Debug|Any CPU
		{91FD05AA-DF83-4397-BADA-F5E156E28DAC}.Release|Any CPU.ActiveCfg = Release|Any CPU
		{91FD05AA-DF83-4397-BADA-F5E156E28DAC}.Release|Any CPU.Build.0 = Release|Any CPU
	EndGlobalSection
	GlobalSection(SolutionProperties) = preSolution
		HideSolutionNode = FALSE
	EndGlobalSection
	GlobalSection(ExtensibilityGlobals) = postSolution
		SolutionGuid = {E1F77FD8-D561-40D2-A071-6AB64BAC818B}
	EndGlobalSection
EndGlobal
